
Microsoft Visual Studio Solution File, Format Version 12.00
# Visual Studio Version 17
VisualStudioVersion = 17.2.32616.157
MinimumVisualStudioVersion = 10.0.40219.1
Project("{FAE04EC0-301F-11D3-BF4B-00C04F79EFBC}") = "ImportedUsedProduct", "ImportedUsedProduct\ImportedUsedProduct.csproj", "{FEA80F07-096B-4069-93F2-883AA7FB73F2}"
EndProject
Global
	GlobalSection(SolutionConfigurationPlatforms) = preSolution
		Debug|Any CPU = Debug|Any CPU
		Release|Any CPU = Release|Any CPU
	EndGlobalSection
	GlobalSection(ProjectConfigurationPlatforms) = postSolution
		{FEA80F07-096B-4069-93F2-883AA7FB73F2}.Debug|Any CPU.ActiveCfg = Debug|Any CPU
		{FEA80F07-096B-4069-93F2-883AA7FB73F2}.Debug|Any CPU.Build.0 = Debug|Any CPU
		{FEA80F07-096B-4069-93F2-883AA7FB73F2}.Release|Any CPU.ActiveCfg = Release|Any CPU
		{FEA80F07-096B-4069-93F2-883AA7FB73F2}.Release|Any CPU.Build.0 = Release|Any CPU
	EndGlobalSection
	GlobalSection(SolutionProperties) = preSolution
		HideSolutionNode = FALSE
	EndGlobalSection
	GlobalSection(ExtensibilityGlobals) = postSolution
		SolutionGuid = {DBEC6BC9-7336-4CC4-BB8F-0736B26D761C}
	EndGlobalSection
EndGlobal
